
Microsoft Visual Studio Solution File, Format Version 12.00
# Visual Studio Version 16
VisualStudioVersion = 16.0.32106.194
MinimumVisualStudioVersion = 10.0.40219.1
Project("{FAE04EC0-301F-11D3-BF4B-00C04F79EFBC}") = "APIDemo", "APIDemo\APIDemo.csproj", "{BB2FC406-9A0F-444A-90E9-CE21EEDF5A77}"
EndProject
Global
	GlobalSection(SolutionConfigurationPlatforms) = preSolution
		Debug|Any CPU = Debug|Any CPU
		Release|Any CPU = Release|Any CPU
	EndGlobalSection
	GlobalSection(ProjectConfigurationPlatforms) = postSolution
		{BB2FC406-9A0F-444A-90E9-CE21EEDF5A77}.Debug|Any CPU.ActiveCfg = Debug|Any CPU
		{BB2FC406-9A0F-444A-90E9-CE21EEDF5A77}.Debug|Any CPU.Build.0 = Debug|Any CPU
		{BB2FC406-9A0F-444A-90E9-CE21EEDF5A77}.Release|Any CPU.ActiveCfg = Release|Any CPU
		{BB2FC406-9A0F-444A-90E9-CE21EEDF5A77}.Release|Any CPU.Build.0 = Release|Any CPU
	EndGlobalSection
	GlobalSection(SolutionProperties) = preSolution
		HideSolutionNode = FALSE
	EndGlobalSection
	GlobalSection(ExtensibilityGlobals) = postSolution
		SolutionGuid = {6EF65845-FEBA-4012-A98C-3B3462F01154}
	EndGlobalSection
EndGlobal
